// !$*UTF8*$!
{
	archiveVersion = 1;
	classes = {
	};
	objectVersion = 56;
	objects = {

/* Begin PBXBuildFile section */
		C64403322B138568009E9F43 /* Movie.swift in Sources */ = {isa = PBXBuildFile; fileRef = C64403312B138568009E9F43 /* Movie.swift */; };
		C64403362B138B5F009E9F43 /* MovieReelDTO.swift in Sources */ = {isa = PBXBuildFile; fileRef = C64403352B138B5F009E9F43 /* MovieReelDTO.swift */; };
		C64403382B138D87009E9F43 /* NetworkController.swift in Sources */ = {isa = PBXBuildFile; fileRef = C64403372B138D87009E9F43 /* NetworkController.swift */; };
		C644033A2B138E7F009E9F43 /* MovieFetching.swift in Sources */ = {isa = PBXBuildFile; fileRef = C64403392B138E7F009E9F43 /* MovieFetching.swift */; };
		C644033D2B139003009E9F43 /* Kingfisher in Frameworks */ = {isa = PBXBuildFile; productRef = C644033C2B139003009E9F43 /* Kingfisher */; };
		C65862E92B00D4D80087245F /* AppDelegate.swift in Sources */ = {isa = PBXBuildFile; fileRef = C65862E82B00D4D80087245F /* AppDelegate.swift */; };
		C65862EB2B00D4D80087245F /* SceneDelegate.swift in Sources */ = {isa = PBXBuildFile; fileRef = C65862EA2B00D4D80087245F /* SceneDelegate.swift */; };
		C65862ED2B00D4D80087245F /* MoviesViewController.swift in Sources */ = {isa = PBXBuildFile; fileRef = C65862EC2B00D4D80087245F /* MoviesViewController.swift */; };
		C65862F32B00D4D80087245F /* MovieReels.xcdatamodeld in Sources */ = {isa = PBXBuildFile; fileRef = C65862F12B00D4D80087245F /* MovieReels.xcdatamodeld */; };
		C65862F52B00D4D90087245F /* Assets.xcassets in Resources */ = {isa = PBXBuildFile; fileRef = C65862F42B00D4D90087245F /* Assets.xcassets */; };
		C65862F82B00D4D90087245F /* LaunchScreen.storyboard in Resources */ = {isa = PBXBuildFile; fileRef = C65862F62B00D4D90087245F /* LaunchScreen.storyboard */; };
		C65863052B00DAD30087245F /* MovieViewModel.swift in Sources */ = {isa = PBXBuildFile; fileRef = C65863042B00DAD30087245F /* MovieViewModel.swift */; };
		C65863072B00DAF10087245F /* MovieViewProtocol.swift in Sources */ = {isa = PBXBuildFile; fileRef = C65863062B00DAF10087245F /* MovieViewProtocol.swift */; };
		C658630A2B00DBA20087245F /* Constants.swift in Sources */ = {isa = PBXBuildFile; fileRef = C65863092B00DBA20087245F /* Constants.swift */; };
		C658630C2B00F0A20087245F /* MovieCollectionViewCell.swift in Sources */ = {isa = PBXBuildFile; fileRef = C658630B2B00F0A20087245F /* MovieCollectionViewCell.swift */; };
		C658630E2B010E790087245F /* CellReusableProtocol.swift in Sources */ = {isa = PBXBuildFile; fileRef = C658630D2B010E790087245F /* CellReusableProtocol.swift */; };
		C6DDDD032B0688D1007C7C15 /* HeaderAndFooterView.swift in Sources */ = {isa = PBXBuildFile; fileRef = C6DDDD022B0688D1007C7C15 /* HeaderAndFooterView.swift */; };
/* End PBXBuildFile section */

/* Begin PBXFileReference section */
		C64403312B138568009E9F43 /* Movie.swift */ = {isa = PBXFileReference; lastKnownFileType = sourcecode.swift; path = Movie.swift; sourceTree = "<group>"; };
		C64403352B138B5F009E9F43 /* MovieReelDTO.swift */ = {isa = PBXFileReference; lastKnownFileType = sourcecode.swift; path = MovieReelDTO.swift; sourceTree = "<group>"; };
		C64403372B138D87009E9F43 /* NetworkController.swift */ = {isa = PBXFileReference; lastKnownFileType = sourcecode.swift; path = NetworkController.swift; sourceTree = "<group>"; };
		C64403392B138E7F009E9F43 /* MovieFetching.swift */ = {isa = PBXFileReference; lastKnownFileType = sourcecode.swift; path = MovieFetching.swift; sourceTree = "<group>"; };
		C65862E52B00D4D80087245F /* MovieReels.app */ = {isa = PBXFileReference; explicitFileType = wrapper.application; includeInIndex = 0; path = MovieReels.app; sourceTree = BUILT_PRODUCTS_DIR; };
		C65862E82B00D4D80087245F /* AppDelegate.swift */ = {isa = PBXFileReference; lastKnownFileType = sourcecode.swift; path = AppDelegate.swift; sourceTree = "<group>"; };
		C65862EA2B00D4D80087245F /* SceneDelegate.swift */ = {isa = PBXFileReference; lastKnownFileType = sourcecode.swift; path = SceneDelegate.swift; sourceTree = "<group>"; };
		C65862EC2B00D4D80087245F /* MoviesViewController.swift */ = {isa = PBXFileReference; lastKnownFileType = sourcecode.swift; path = MoviesViewController.swift; sourceTree = "<group>"; };
		C65862F22B00D4D80087245F /* MovieReels.xcdatamodel */ = {isa = PBXFileReference; lastKnownFileType = wrapper.xcdatamodel; path = MovieReels.xcdatamodel; sourceTree = "<group>"; };
		C65862F42B00D4D90087245F /* Assets.xcassets */ = {isa = PBXFileReference; lastKnownFileType = folder.assetcatalog; path = Assets.xcassets; sourceTree = "<group>"; };
		C65862F72B00D4D90087245F /* Base */ = {isa = PBXFileReference; lastKnownFileType = file.storyboard; name = Base; path = Base.lproj/LaunchScreen.storyboard; sourceTree = "<group>"; };
		C65862F92B00D4D90087245F /* Info.plist */ = {isa = PBXFileReference; lastKnownFileType = text.plist.xml; path = Info.plist; sourceTree = "<group>"; };
		C65863042B00DAD30087245F /* MovieViewModel.swift */ = {isa = PBXFileReference; lastKnownFileType = sourcecode.swift; path = MovieViewModel.swift; sourceTree = "<group>"; };
		C65863062B00DAF10087245F /* MovieViewProtocol.swift */ = {isa = PBXFileReference; lastKnownFileType = sourcecode.swift; path = MovieViewProtocol.swift; sourceTree = "<group>"; };
		C65863092B00DBA20087245F /* Constants.swift */ = {isa = PBXFileReference; lastKnownFileType = sourcecode.swift; path = Constants.swift; sourceTree = "<group>"; };
		C658630B2B00F0A20087245F /* MovieCollectionViewCell.swift */ = {isa = PBXFileReference; lastKnownFileType = sourcecode.swift; path = MovieCollectionViewCell.swift; sourceTree = "<group>"; };
		C658630D2B010E790087245F /* CellReusableProtocol.swift */ = {isa = PBXFileReference; lastKnownFileType = sourcecode.swift; path = CellReusableProtocol.swift; sourceTree = "<group>"; };
		C6DDDD022B0688D1007C7C15 /* HeaderAndFooterView.swift */ = {isa = PBXFileReference; lastKnownFileType = sourcecode.swift; path = HeaderAndFooterView.swift; sourceTree = "<group>"; };
/* End PBXFileReference section */

/* Begin PBXFrameworksBuildPhase section */
		C65862E22B00D4D80087245F /* Frameworks */ = {
			isa = PBXFrameworksBuildPhase;
			buildActionMask = 2147483647;
			files = (
				C644033D2B139003009E9F43 /* Kingfisher in Frameworks */,
			);
			runOnlyForDeploymentPostprocessing = 0;
		};
/* End PBXFrameworksBuildPhase section */

/* Begin PBXGroup section */
		C64403302B138527009E9F43 /* Model */ = {
			isa = PBXGroup;
			children = (
				C64403312B138568009E9F43 /* Movie.swift */,
			);
			path = Model;
			sourceTree = "<group>";
		};
		C64403332B138B41009E9F43 /* Services */ = {
			isa = PBXGroup;
			children = (
				C64403342B138B54009E9F43 /* DTO */,
				C64403372B138D87009E9F43 /* NetworkController.swift */,
				C64403392B138E7F009E9F43 /* MovieFetching.swift */,
			);
			path = Services;
			sourceTree = "<group>";
		};
		C64403342B138B54009E9F43 /* DTO */ = {
			isa = PBXGroup;
			children = (
				C64403352B138B5F009E9F43 /* MovieReelDTO.swift */,
			);
			path = DTO;
			sourceTree = "<group>";
		};
		C65862DC2B00D4D80087245F = {
			isa = PBXGroup;
			children = (
				C65862E72B00D4D80087245F /* MovieReels */,
				C65862E62B00D4D80087245F /* Products */,
			);
			sourceTree = "<group>";
		};
		C65862E62B00D4D80087245F /* Products */ = {
			isa = PBXGroup;
			children = (
				C65862E52B00D4D80087245F /* MovieReels.app */,
			);
			name = Products;
			sourceTree = "<group>";
		};
		C65862E72B00D4D80087245F /* MovieReels */ = {
			isa = PBXGroup;
			children = (
				C64403332B138B41009E9F43 /* Services */,
				C64403302B138527009E9F43 /* Model */,
				C65863082B00DB8E0087245F /* Helpers */,
				C65863022B00D9670087245F /* Support */,
				C65863002B00D9350087245F /* Resources */,
				C65862FF2B00D9280087245F /* Screens */,
				C65862F12B00D4D80087245F /* MovieReels.xcdatamodeld */,
				C65862F92B00D4D90087245F /* Info.plist */,
			);
			path = MovieReels;
			sourceTree = "<group>";
		};
		C65862FF2B00D9280087245F /* Screens */ = {
			isa = PBXGroup;
			children = (
				C65863032B00DA600087245F /* MoviesController */,
				C65863012B00D9430087245F /* LaunchScreen */,
			);
			path = Screens;
			sourceTree = "<group>";
		};
		C65863002B00D9350087245F /* Resources */ = {
			isa = PBXGroup;
			children = (
				C65862F42B00D4D90087245F /* Assets.xcassets */,
			);
			path = Resources;
			sourceTree = "<group>";
		};
		C65863012B00D9430087245F /* LaunchScreen */ = {
			isa = PBXGroup;
			children = (
				C65862F62B00D4D90087245F /* LaunchScreen.storyboard */,
			);
			path = LaunchScreen;
			sourceTree = "<group>";
		};
		C65863022B00D9670087245F /* Support */ = {
			isa = PBXGroup;
			children = (
				C65862EA2B00D4D80087245F /* SceneDelegate.swift */,
				C65862E82B00D4D80087245F /* AppDelegate.swift */,
			);
			path = Support;
			sourceTree = "<group>";
		};
		C65863032B00DA600087245F /* MoviesController */ = {
			isa = PBXGroup;
			children = (
				C65862EC2B00D4D80087245F /* MoviesViewController.swift */,
				C658630D2B010E790087245F /* CellReusableProtocol.swift */,
				C658630B2B00F0A20087245F /* MovieCollectionViewCell.swift */,
				C65863042B00DAD30087245F /* MovieViewModel.swift */,
				C65863062B00DAF10087245F /* MovieViewProtocol.swift */,
				C6DDDD022B0688D1007C7C15 /* HeaderAndFooterView.swift */,
			);
			path = MoviesController;
			sourceTree = "<group>";
		};
		C65863082B00DB8E0087245F /* Helpers */ = {
			isa = PBXGroup;
			children = (
				C65863092B00DBA20087245F /* Constants.swift */,
			);
			path = Helpers;
			sourceTree = "<group>";
		};
/* End PBXGroup section */

/* Begin PBXNativeTarget section */
		C65862E42B00D4D80087245F /* MovieReels */ = {
			isa = PBXNativeTarget;
			buildConfigurationList = C65862FC2B00D4D90087245F /* Build configuration list for PBXNativeTarget "MovieReels" */;
			buildPhases = (
				C65862E12B00D4D80087245F /* Sources */,
				C65862E22B00D4D80087245F /* Frameworks */,
				C65862E32B00D4D80087245F /* Resources */,
			);
			buildRules = (
			);
			dependencies = (
			);
			name = MovieReels;
			packageProductDependencies = (
				C644033C2B139003009E9F43 /* Kingfisher */,
			);
			productName = MovieReels;
			productReference = C65862E52B00D4D80087245F /* MovieReels.app */;
			productType = "com.apple.product-type.application";
		};
/* End PBXNativeTarget section */

/* Begin PBXProject section */
		C65862DD2B00D4D80087245F /* Project object */ = {
			isa = PBXProject;
			attributes = {
				BuildIndependentTargetsInParallel = 1;
				LastSwiftUpdateCheck = 1500;
				LastUpgradeCheck = 1500;
				TargetAttributes = {
					C65862E42B00D4D80087245F = {
						CreatedOnToolsVersion = 15.0;
					};
				};
			};
			buildConfigurationList = C65862E02B00D4D80087245F /* Build configuration list for PBXProject "MovieReels" */;
			compatibilityVersion = "Xcode 14.0";
			developmentRegion = en;
			hasScannedForEncodings = 0;
			knownRegions = (
				en,
				Base,
			);
			mainGroup = C65862DC2B00D4D80087245F;
			packageReferences = (
				C644033B2B139003009E9F43 /* XCRemoteSwiftPackageReference "Kingfisher" */,
			);
			productRefGroup = C65862E62B00D4D80087245F /* Products */;
			projectDirPath = "";
			projectRoot = "";
			targets = (
				C65862E42B00D4D80087245F /* MovieReels */,
			);
		};
/* End PBXProject section */

/* Begin PBXResourcesBuildPhase section */
		C65862E32B00D4D80087245F /* Resources */ = {
			isa = PBXResourcesBuildPhase;
			buildActionMask = 2147483647;
			files = (
				C65862F82B00D4D90087245F /* LaunchScreen.storyboard in Resources */,
				C65862F52B00D4D90087245F /* Assets.xcassets in Resources */,
			);
			runOnlyForDeploymentPostprocessing = 0;
		};
/* End PBXResourcesBuildPhase section */

/* Begin PBXSourcesBuildPhase section */
		C65862E12B00D4D80087245F /* Sources */ = {
			isa = PBXSourcesBuildPhase;
			buildActionMask = 2147483647;
			files = (
				C65862ED2B00D4D80087245F /* MoviesViewController.swift in Sources */,
				C65863052B00DAD30087245F /* MovieViewModel.swift in Sources */,
				C64403322B138568009E9F43 /* Movie.swift in Sources */,
				C65862E92B00D4D80087245F /* AppDelegate.swift in Sources */,
				C64403362B138B5F009E9F43 /* MovieReelDTO.swift in Sources */,
				C65862F32B00D4D80087245F /* MovieReels.xcdatamodeld in Sources */,
				C658630E2B010E790087245F /* CellReusableProtocol.swift in Sources */,
				C658630A2B00DBA20087245F /* Constants.swift in Sources */,
				C644033A2B138E7F009E9F43 /* MovieFetching.swift in Sources */,
				C6DDDD032B0688D1007C7C15 /* HeaderAndFooterView.swift in Sources */,
				C65862EB2B00D4D80087245F /* SceneDelegate.swift in Sources */,
				C65863072B00DAF10087245F /* MovieViewProtocol.swift in Sources */,
				C658630C2B00F0A20087245F /* MovieCollectionViewCell.swift in Sources */,
				C64403382B138D87009E9F43 /* NetworkController.swift in Sources */,
			);
			runOnlyForDeploymentPostprocessing = 0;
		};
/* End PBXSourcesBuildPhase section */

/* Begin PBXVariantGroup section */
		C65862F62B00D4D90087245F /* LaunchScreen.storyboard */ = {
			isa = PBXVariantGroup;
			children = (
				C65862F72B00D4D90087245F /* Base */,
			);
			name = LaunchScreen.storyboard;
			sourceTree = "<group>";
		};
/* End PBXVariantGroup section */

/* Begin XCBuildConfiguration section */
		C65862FA2B00D4D90087245F /* Debug */ = {
			isa = XCBuildConfiguration;
			buildSettings = {
				ALWAYS_SEARCH_USER_PATHS = NO;
				ASSETCATALOG_COMPILER_GENERATE_SWIFT_ASSET_SYMBOL_EXTENSIONS = YES;
				CLANG_ANALYZER_NONNULL = YES;
				CLANG_ANALYZER_NUMBER_OBJECT_CONVERSION = YES_AGGRESSIVE;
				CLANG_CXX_LANGUAGE_STANDARD = "gnu++20";
				CLANG_ENABLE_MODULES = YES;
				CLANG_ENABLE_OBJC_ARC = YES;
				CLANG_ENABLE_OBJC_WEAK = YES;
				CLANG_WARN_BLOCK_CAPTURE_AUTORELEASING = YES;
				CLANG_WARN_BOOL_CONVERSION = YES;
				CLANG_WARN_COMMA = YES;
				CLANG_WARN_CONSTANT_CONVERSION = YES;
				CLANG_WARN_DEPRECATED_OBJC_IMPLEMENTATIONS = YES;
				CLANG_WARN_DIRECT_OBJC_ISA_USAGE = YES_ERROR;
				CLANG_WARN_DOCUMENTATION_COMMENTS = YES;
				CLANG_WARN_EMPTY_BODY = YES;
				CLANG_WARN_ENUM_CONVERSION = YES;
				CLANG_WARN_INFINITE_RECURSION = YES;
				CLANG_WARN_INT_CONVERSION = YES;
				CLANG_WARN_NON_LITERAL_NULL_CONVERSION = YES;
				CLANG_WARN_OBJC_IMPLICIT_RETAIN_SELF = YES;
				CLANG_WARN_OBJC_LITERAL_CONVERSION = YES;
				CLANG_WARN_OBJC_ROOT_CLASS = YES_ERROR;
				CLANG_WARN_QUOTED_INCLUDE_IN_FRAMEWORK_HEADER = YES;
				CLANG_WARN_RANGE_LOOP_ANALYSIS = YES;
				CLANG_WARN_STRICT_PROTOTYPES = YES;
				CLANG_WARN_SUSPICIOUS_MOVE = YES;
				CLANG_WARN_UNGUARDED_AVAILABILITY = YES_AGGRESSIVE;
				CLANG_WARN_UNREACHABLE_CODE = YES;
				CLANG_WARN__DUPLICATE_METHOD_MATCH = YES;
				COPY_PHASE_STRIP = NO;
				DEBUG_INFORMATION_FORMAT = dwarf;
				ENABLE_STRICT_OBJC_MSGSEND = YES;
				ENABLE_TESTABILITY = YES;
				ENABLE_USER_SCRIPT_SANDBOXING = YES;
				GCC_C_LANGUAGE_STANDARD = gnu17;
				GCC_DYNAMIC_NO_PIC = NO;
				GCC_NO_COMMON_BLOCKS = YES;
				GCC_OPTIMIZATION_LEVEL = 0;
				GCC_PREPROCESSOR_DEFINITIONS = (
					"DEBUG=1",
					"$(inherited)",
				);
				GCC_WARN_64_TO_32_BIT_CONVERSION = YES;
				GCC_WARN_ABOUT_RETURN_TYPE = YES_ERROR;
				GCC_WARN_UNDECLARED_SELECTOR = YES;
				GCC_WARN_UNINITIALIZED_AUTOS = YES_AGGRESSIVE;
				GCC_WARN_UNUSED_FUNCTION = YES;
				GCC_WARN_UNUSED_VARIABLE = YES;
				IPHONEOS_DEPLOYMENT_TARGET = 17.0;
				LOCALIZATION_PREFERS_STRING_CATALOGS = YES;
				MTL_ENABLE_DEBUG_INFO = INCLUDE_SOURCE;
				MTL_FAST_MATH = YES;
				ONLY_ACTIVE_ARCH = YES;
				SDKROOT = iphoneos;
				SWIFT_ACTIVE_COMPILATION_CONDITIONS = "DEBUG $(inherited)";
				SWIFT_OPTIMIZATION_LEVEL = "-Onone";
			};
			name = Debug;
		};
		C65862FB2B00D4D90087245F /* Release */ = {
			isa = XCBuildConfiguration;
			buildSettings = {
				ALWAYS_SEARCH_USER_PATHS = NO;
				ASSETCATALOG_COMPILER_GENERATE_SWIFT_ASSET_SYMBOL_EXTENSIONS = YES;
				CLANG_ANALYZER_NONNULL = YES;
				CLANG_ANALYZER_NUMBER_OBJECT_CONVERSION = YES_AGGRESSIVE;
				CLANG_CXX_LANGUAGE_STANDARD = "gnu++20";
				CLANG_ENABLE_MODULES = YES;
				CLANG_ENABLE_OBJC_ARC = YES;
				CLANG_ENABLE_OBJC_WEAK = YES;
				CLANG_WARN_BLOCK_CAPTURE_AUTORELEASING = YES;
				CLANG_WARN_BOOL_CONVERSION = YES;
				CLANG_WARN_COMMA = YES;
				CLANG_WARN_CONSTANT_CONVERSION = YES;
				CLANG_WARN_DEPRECATED_OBJC_IMPLEMENTATIONS = YES;
				CLANG_WARN_DIRECT_OBJC_ISA_USAGE = YES_ERROR;
				CLANG_WARN_DOCUMENTATION_COMMENTS = YES;
				CLANG_WARN_EMPTY_BODY = YES;
				CLANG_WARN_ENUM_CONVERSION = YES;
				CLANG_WARN_INFINITE_RECURSION = YES;
				CLANG_WARN_INT_CONVERSION = YES;
				CLANG_WARN_NON_LITERAL_NULL_CONVERSION = YES;
				CLANG_WARN_OBJC_IMPLICIT_RETAIN_SELF = YES;
				CLANG_WARN_OBJC_LITERAL_CONVERSION = YES;
				CLANG_WARN_OBJC_ROOT_CLASS = YES_ERROR;
				CLANG_WARN_QUOTED_INCLUDE_IN_FRAMEWORK_HEADER = YES;
				CLANG_WARN_RANGE_LOOP_ANALYSIS = YES;
				CLANG_WARN_STRICT_PROTOTYPES = YES;
				CLANG_WARN_SUSPICIOUS_MOVE = YES;
				CLANG_WARN_UNGUARDED_AVAILABILITY = YES_AGGRESSIVE;
				CLANG_WARN_UNREACHABLE_CODE = YES;
				CLANG_WARN__DUPLICATE_METHOD_MATCH = YES;
				COPY_PHASE_STRIP = NO;
				DEBUG_INFORMATION_FORMAT = "dwarf-with-dsym";
				ENABLE_NS_ASSERTIONS = NO;
				ENABLE_STRICT_OBJC_MSGSEND = YES;
				ENABLE_USER_SCRIPT_SANDBOXING = YES;
				GCC_C_LANGUAGE_STANDARD = gnu17;
				GCC_NO_COMMON_BLOCKS = YES;
				GCC_WARN_64_TO_32_BIT_CONVERSION = YES;
				GCC_WARN_ABOUT_RETURN_TYPE = YES_ERROR;
				GCC_WARN_UNDECLARED_SELECTOR = YES;
				GCC_WARN_UNINITIALIZED_AUTOS = YES_AGGRESSIVE;
				GCC_WARN_UNUSED_FUNCTION = YES;
				GCC_WARN_UNUSED_VARIABLE = YES;
				IPHONEOS_DEPLOYMENT_TARGET = 17.0;
				LOCALIZATION_PREFERS_STRING_CATALOGS = YES;
				MTL_ENABLE_DEBUG_INFO = NO;
				MTL_FAST_MATH = YES;
				SDKROOT = iphoneos;
				SWIFT_COMPILATION_MODE = wholemodule;
				VALIDATE_PRODUCT = YES;
			};
			name = Release;
		};
		C65862FD2B00D4D90087245F /* Debug */ = {
			isa = XCBuildConfiguration;
			buildSettings = {
				ASSETCATALOG_COMPILER_APPICON_NAME = AppIcon;
				ASSETCATALOG_COMPILER_GLOBAL_ACCENT_COLOR_NAME = AccentColor;
				CODE_SIGN_STYLE = Automatic;
				CURRENT_PROJECT_VERSION = 1;
				DEVELOPMENT_TEAM = 69M929ZQ47;
				GENERATE_INFOPLIST_FILE = YES;
				INFOPLIST_FILE = MovieReels/Info.plist;
				INFOPLIST_KEY_UIApplicationSupportsIndirectInputEvents = YES;
				INFOPLIST_KEY_UILaunchStoryboardName = LaunchScreen;
				INFOPLIST_KEY_UISupportedInterfaceOrientations_iPad = "UIInterfaceOrientationPortrait UIInterfaceOrientationPortraitUpsideDown UIInterfaceOrientationLandscapeLeft UIInterfaceOrientationLandscapeRight";
				INFOPLIST_KEY_UISupportedInterfaceOrientations_iPhone = "UIInterfaceOrientationPortrait UIInterfaceOrientationLandscapeLeft UIInterfaceOrientationLandscapeRight";
				LD_RUNPATH_SEARCH_PATHS = (
					"$(inherited)",
					"@executable_path/Frameworks",
				);
				MARKETING_VERSION = 1.0;
				PRODUCT_BUNDLE_IDENTIFIER = "com.uk-servers.MovieReels";
				PRODUCT_NAME = "$(TARGET_NAME)";
				SWIFT_EMIT_LOC_STRINGS = YES;
				SWIFT_VERSION = 5.0;
				TARGETED_DEVICE_FAMILY = "1,2";
			};
			name = Debug;
		};
		C65862FE2B00D4D90087245F /* Release */ = {
			isa = XCBuildConfiguration;
			buildSettings = {
				ASSETCATALOG_COMPILER_APPICON_NAME = AppIcon;
				ASSETCATALOG_COMPILER_GLOBAL_ACCENT_COLOR_NAME = AccentColor;
				CODE_SIGN_STYLE = Automatic;
				CURRENT_PROJECT_VERSION = 1;
				DEVELOPMENT_TEAM = 69M929ZQ47;
				GENERATE_INFOPLIST_FILE = YES;
				INFOPLIST_FILE = MovieReels/Info.plist;
				INFOPLIST_KEY_UIApplicationSupportsIndirectInputEvents = YES;
				INFOPLIST_KEY_UILaunchStoryboardName = LaunchScreen;
				INFOPLIST_KEY_UISupportedInterfaceOrientations_iPad = "UIInterfaceOrientationPortrait UIInterfaceOrientationPortraitUpsideDown UIInterfaceOrientationLandscapeLeft UIInterfaceOrientationLandscapeRight";
				INFOPLIST_KEY_UISupportedInterfaceOrientations_iPhone = "UIInterfaceOrientationPortrait UIInterfaceOrientationLandscapeLeft UIInterfaceOrientationLandscapeRight";
				LD_RUNPATH_SEARCH_PATHS = (
					"$(inherited)",
					"@executable_path/Frameworks",
				);
				MARKETING_VERSION = 1.0;
				PRODUCT_BUNDLE_IDENTIFIER = "com.uk-servers.MovieReels";
				PRODUCT_NAME = "$(TARGET_NAME)";
				SWIFT_EMIT_LOC_STRINGS = YES;
				SWIFT_VERSION = 5.0;
				TARGETED_DEVICE_FAMILY = "1,2";
			};
			name = Release;
		};
/* End XCBuildConfiguration section */

/* Begin XCConfigurationList section */
		C65862E02B00D4D80087245F /* Build configuration list for PBXProject "MovieReels" */ = {
			isa = XCConfigurationList;
			buildConfigurations = (
				C65862FA2B00D4D90087245F /* Debug */,
				C65862FB2B00D4D90087245F /* Release */,
			);
			defaultConfigurationIsVisible = 0;
			defaultConfigurationName = Release;
		};
		C65862FC2B00D4D90087245F /* Build configuration list for PBXNativeTarget "MovieReels" */ = {
			isa = XCConfigurationList;
			buildConfigurations = (
				C65862FD2B00D4D90087245F /* Debug */,
				C65862FE2B00D4D90087245F /* Release */,
			);
			defaultConfigurationIsVisible = 0;
			defaultConfigurationName = Release;
		};
/* End XCConfigurationList section */

/* Begin XCRemoteSwiftPackageReference section */
		C644033B2B139003009E9F43 /* XCRemoteSwiftPackageReference "Kingfisher" */ = {
			isa = XCRemoteSwiftPackageReference;
			repositoryURL = "https://github.com/onevcat/Kingfisher.git";
			requirement = {
				kind = upToNextMajorVersion;
				minimumVersion = 7.10.0;
			};
		};
/* End XCRemoteSwiftPackageReference section */

/* Begin XCSwiftPackageProductDependency section */
		C644033C2B139003009E9F43 /* Kingfisher */ = {
			isa = XCSwiftPackageProductDependency;
			package = C644033B2B139003009E9F43 /* XCRemoteSwiftPackageReference "Kingfisher" */;
			productName = Kingfisher;
		};
/* End XCSwiftPackageProductDependency section */

/* Begin XCVersionGroup section */
		C65862F12B00D4D80087245F /* MovieReels.xcdatamodeld */ = {
			isa = XCVersionGroup;
			children = (
				C65862F22B00D4D80087245F /* MovieReels.xcdatamodel */,
			);
			currentVersion = C65862F22B00D4D80087245F /* MovieReels.xcdatamodel */;
			path = MovieReels.xcdatamodeld;
			sourceTree = "<group>";
			versionGroupType = wrapper.xcdatamodel;
		};
/* End XCVersionGroup section */
	};
	rootObject = C65862DD2B00D4D80087245F /* Project object */;
}
